Microsoft Visual Studio Solution File, Format Version 12.00
# Visual Studio Version 17
VisualStudioVersion = 17.5.2.0
MinimumVisualStudioVersion = 10.0.40219.1
Project("{FAE04EC0-301F-11D3-BF4B-00C04F79EFBC}") = "SSEShowcase", "backend\SSEShowcase.csproj", "{4723EEB6-5A10-D6A0-6173-324DA8C6FBB9}"
EndProject
Global
	GlobalSection(SolutionConfigurationPlatforms) = preSolution
		Debug|Any CPU = Debug|Any CPU
		Release|Any CPU = Release|Any CPU
	EndGlobalSection
	GlobalSection(ProjectConfigurationPlatforms) = postSolution
		{4723EEB6-5A10-D6A0-6173-324DA8C6FBB9}.Debug|Any CPU.ActiveCfg = Debug|Any CPU
		{4723EEB6-5A10-D6A0-6173-324DA8C6FBB9}.Debug|Any CPU.Build.0 = Debug|Any CPU
		{4723EEB6-5A10-D6A0-6173-324DA8C6FBB9}.Release|Any CPU.ActiveCfg = Release|Any CPU
		{4723EEB6-5A10-D6A0-6173-324DA8C6FBB9}.Release|Any CPU.Build.0 = Release|Any CPU
	EndGlobalSection
	GlobalSection(SolutionProperties) = preSolution
		HideSolutionNode = FALSE
	EndGlobalSection
	GlobalSection(ExtensibilityGlobals) = postSolution
		SolutionGuid = {43FA8664-A65F-4C57-BBED-A49D9D21BE9C}
	EndGlobalSection
EndGlobal
